
Microsoft Visual Studio Solution File, Format Version 12.00
# Visual Studio Version 17
VisualStudioVersion = 17.6.33717.318
MinimumVisualStudioVersion = 10.0.40219.1
Project("{9A19103F-16F7-4668-BE54-9A1E7A4F7556}") = "Shop4UAPI", "Shop4UAPI.csproj", "{17382717-7A4B-4868-B823-1E7142420AAC}"
EndProject
Project("{9A19103F-16F7-4668-BE54-9A1E7A4F7556}") = "Domain", "..\Domain\Domain.csproj", "{5E79DA98-5043-41A2-8780-97BEB634B983}"
EndProject
Project("{9A19103F-16F7-4668-BE54-9A1E7A4F7556}") = "Connections", "..\Connections\Connections.csproj", "{A061D8EE-D3A6-4EF8-A704-D4A83D79B0FF}"
EndProject
Project("{FAE04EC0-301F-11D3-BF4B-00C04F79EFBC}") = "DapperContext", "..\DapperContext\DapperContext.csproj", "{B2D94A4A-863B-4DA7-9A2A-C3FBAB186F17}"
EndProject
Global
	GlobalSection(SolutionConfigurationPlatforms) = preSolution
		Debug|Any CPU = Debug|Any CPU
		Release|Any CPU = Release|Any CPU
	EndGlobalSection
	GlobalSection(ProjectConfigurationPlatforms) = postSolution
		{17382717-7A4B-4868-B823-1E7142420AAC}.Debug|Any CPU.ActiveCfg = Debug|Any CPU
		{17382717-7A4B-4868-B823-1E7142420AAC}.Debug|Any CPU.Build.0 = Debug|Any CPU
		{17382717-7A4B-4868-B823-1E7142420AAC}.Release|Any CPU.ActiveCfg = Release|Any CPU
		{17382717-7A4B-4868-B823-1E7142420AAC}.Release|Any CPU.Build.0 = Release|Any CPU
		{5E79DA98-5043-41A2-8780-97BEB634B983}.Debug|Any CPU.ActiveCfg = Debug|Any CPU
		{5E79DA98-5043-41A2-8780-97BEB634B983}.Debug|Any CPU.Build.0 = Debug|Any CPU
		{5E79DA98-5043-41A2-8780-97BEB634B983}.Release|Any CPU.ActiveCfg = Release|Any CPU
		{5E79DA98-5043-41A2-8780-97BEB634B983}.Release|Any CPU.Build.0 = Release|Any CPU
		{A061D8EE-D3A6-4EF8-A704-D4A83D79B0FF}.Debug|Any CPU.ActiveCfg = Debug|Any CPU
		{A061D8EE-D3A6-4EF8-A704-D4A83D79B0FF}.Debug|Any CPU.Build.0 = Debug|Any CPU
		{A061D8EE-D3A6-4EF8-A704-D4A83D79B0FF}.Release|Any CPU.ActiveCfg = Release|Any CPU
		{A061D8EE-D3A6-4EF8-A704-D4A83D79B0FF}.Release|Any CPU.Build.0 = Release|Any CPU
		{B2D94A4A-863B-4DA7-9A2A-C3FBAB186F17}.Debug|Any CPU.ActiveCfg = Debug|Any CPU
		{B2D94A4A-863B-4DA7-9A2A-C3FBAB186F17}.Debug|Any CPU.Build.0 = Debug|Any CPU
		{B2D94A4A-863B-4DA7-9A2A-C3FBAB186F17}.Release|Any CPU.ActiveCfg = Release|Any CPU
		{B2D94A4A-863B-4DA7-9A2A-C3FBAB186F17}.Release|Any CPU.Build.0 = Release|Any CPU
	EndGlobalSection
	GlobalSection(SolutionProperties) = preSolution
		HideSolutionNode = FALSE
	EndGlobalSection
	GlobalSection(ExtensibilityGlobals) = postSolution
		SolutionGuid = {B2ABEABE-8616-455A-8407-12A1D555610F}
	EndGlobalSection
EndGlobal
